
Microsoft Visual Studio Solution File, Format Version 12.00
# Visual Studio Version 16
VisualStudioVersion = 16.0.32413.511
MinimumVisualStudioVersion = 10.0.40219.1
Project("{9A19103F-16F7-4668-BE54-9A1E7A4F7556}") = "SWZZPI_HFT_2023241.Client", "SWZZPI_HFT_2023241.Client\SWZZPI_HFT_2023241.Client.csproj", "{68317D40-BE8D-40D9-9397-E737C3A8F773}"
EndProject
Project("{9A19103F-16F7-4668-BE54-9A1E7A4F7556}") = "SWZZPI_HFT_2023241.Models", "SWZZPI_HFT_2023241.Models\SWZZPI_HFT_2023241.Models.csproj", "{37D66BC7-959F-44E1-A2DC-8A34927BB40C}"
EndProject
Project("{9A19103F-16F7-4668-BE54-9A1E7A4F7556}") = "SWZZPI_HFT_2023241.Logic", "SWZZPI_HFT_2023241.Logic\SWZZPI_HFT_2023241.Logic.csproj", "{94E85688-1100-417E-A421-6901571C6AD9}"
EndProject
Project("{9A19103F-16F7-4668-BE54-9A1E7A4F7556}") = "SWZZPI_HFT_2023241.Repository", "SWZZPI_HFT_2023241.Repository\SWZZPI_HFT_2023241.Repository.csproj", "{66A2F125-B522-4F65-B244-BC2D855ABF41}"
EndProject
Project("{9A19103F-16F7-4668-BE54-9A1E7A4F7556}") = "SWZZPI_HFT_2023241.Test", "SWZZPI_HFT_2023241.Test\SWZZPI_HFT_2023241.Test.csproj", "{7CA9477E-2A42-4C0F-97B3-EFF369E1CFC6}"
EndProject
Project("{9A19103F-16F7-4668-BE54-9A1E7A4F7556}") = "SWZZPI_HFT_2023241.Endpoint", "SWZZPI_HFT_2023241.Endpoint\SWZZPI_HFT_2023241.Endpoint.csproj", "{8ED10A81-9C13-4E37-8A4F-DA512E14E0E0}"
EndProject
Project("{2150E333-8FDC-42A3-9474-1A3956D46DE8}") = "Backend", "Backend", "{D880E5D8-57AC-4B75-9E4F-A5FAEFB4AAEE}"
EndProject
Project("{2150E333-8FDC-42A3-9474-1A3956D46DE8}") = "Frontend", "Frontend", "{B5BDD26A-6C3E-4EA4-BD17-7925D8FE6EE5}"
EndProject
Project("{2150E333-8FDC-42A3-9474-1A3956D46DE8}") = "Shared", "Shared", "{2E877F3B-F6D7-4CC8-BF97-86384275F6E2}"
EndProject
Project("{2150E333-8FDC-42A3-9474-1A3956D46DE8}") = "Others", "Others", "{ABC8C67B-A1DD-4B03-AF0A-B549775C2C98}"
	ProjectSection(SolutionItems) = preProject
		.gitignore = .gitignore
	EndProjectSection
EndProject
Global
	GlobalSection(SolutionConfigurationPlatforms) = preSolution
		Debug|Any CPU = Debug|Any CPU
		Release|Any CPU = Release|Any CPU
	EndGlobalSection
	GlobalSection(ProjectConfigurationPlatforms) = postSolution
		{68317D40-BE8D-40D9-9397-E737C3A8F773}.Debug|Any CPU.ActiveCfg = Debug|Any CPU
		{68317D40-BE8D-40D9-9397-E737C3A8F773}.Debug|Any CPU.Build.0 = Debug|Any CPU
		{68317D40-BE8D-40D9-9397-E737C3A8F773}.Release|Any CPU.ActiveCfg = Release|Any CPU
		{68317D40-BE8D-40D9-9397-E737C3A8F773}.Release|Any CPU.Build.0 = Release|Any CPU
		{37D66BC7-959F-44E1-A2DC-8A34927BB40C}.Debug|Any CPU.ActiveCfg = Debug|Any CPU
		{37D66BC7-959F-44E1-A2DC-8A34927BB40C}.Debug|Any CPU.Build.0 = Debug|Any CPU
		{37D66BC7-959F-44E1-A2DC-8A34927BB40C}.Release|Any CPU.ActiveCfg = Release|Any CPU
		{37D66BC7-959F-44E1-A2DC-8A34927BB40C}.Release|Any CPU.Build.0 = Release|Any CPU
		{94E85688-1100-417E-A421-6901571C6AD9}.Debug|Any CPU.ActiveCfg = Debug|Any CPU
		{94E85688-1100-417E-A421-6901571C6AD9}.Debug|Any CPU.Build.0 = Debug|Any CPU
		{94E85688-1100-417E-A421-6901571C6AD9}.Release|Any CPU.ActiveCfg = Release|Any CPU
		{94E85688-1100-417E-A421-6901571C6AD9}.Release|Any CPU.Build.0 = Release|Any CPU
		{66A2F125-B522-4F65-B244-BC2D855ABF41}.Debug|Any CPU.ActiveCfg = Debug|Any CPU
		{66A2F125-B522-4F65-B244-BC2D855ABF41}.Debug|Any CPU.Build.0 = Debug|Any CPU
		{66A2F125-B522-4F65-B244-BC2D855ABF41}.Release|Any CPU.ActiveCfg = Release|Any CPU
		{66A2F125-B522-4F65-B244-BC2D855ABF41}.Release|Any CPU.Build.0 = Release|Any CPU
		{7CA9477E-2A42-4C0F-97B3-EFF369E1CFC6}.Debug|Any CPU.ActiveCfg = Debug|Any CPU
		{7CA9477E-2A42-4C0F-97B3-EFF369E1CFC6}.Debug|Any CPU.Build.0 = Debug|Any CPU
		{7CA9477E-2A42-4C0F-97B3-EFF369E1CFC6}.Release|Any CPU.ActiveCfg = Release|Any CPU
		{7CA9477E-2A42-4C0F-97B3-EFF369E1CFC6}.Release|Any CPU.Build.0 = Release|Any CPU
		{8ED10A81-9C13-4E37-8A4F-DA512E14E0E0}.Debug|Any CPU.ActiveCfg = Debug|Any CPU
		{8ED10A81-9C13-4E37-8A4F-DA512E14E0E0}.Debug|Any CPU.Build.0 = Debug|Any CPU
		{8ED10A81-9C13-4E37-8A4F-DA512E14E0E0}.Release|Any CPU.ActiveCfg = Release|Any CPU
		{8ED10A81-9C13-4E37-8A4F-DA512E14E0E0}.Release|Any CPU.Build.0 = Release|Any CPU
	EndGlobalSection
	GlobalSection(SolutionProperties) = preSolution
		HideSolutionNode = FALSE
	EndGlobalSection
	GlobalSection(NestedProjects) = preSolution
		{68317D40-BE8D-40D9-9397-E737C3A8F773} = {B5BDD26A-6C3E-4EA4-BD17-7925D8FE6EE5}
		{37D66BC7-959F-44E1-A2DC-8A34927BB40C} = {2E877F3B-F6D7-4CC8-BF97-86384275F6E2}
		{94E85688-1100-417E-A421-6901571C6AD9} = {D880E5D8-57AC-4B75-9E4F-A5FAEFB4AAEE}
		{66A2F125-B522-4F65-B244-BC2D855ABF41} = {D880E5D8-57AC-4B75-9E4F-A5FAEFB4AAEE}
		{7CA9477E-2A42-4C0F-97B3-EFF369E1CFC6} = {D880E5D8-57AC-4B75-9E4F-A5FAEFB4AAEE}
		{8ED10A81-9C13-4E37-8A4F-DA512E14E0E0} = {D880E5D8-57AC-4B75-9E4F-A5FAEFB4AAEE}
	EndGlobalSection
	GlobalSection(ExtensibilityGlobals) = postSolution
		SolutionGuid = {56564672-E2F1-41F9-8064-4A2B78694DA7}
	EndGlobalSection
EndGlobal
